
Microsoft Visual Studio Solution File, Format Version 12.00
# Visual Studio 15
VisualStudioVersion = 15.0.28307.902
MinimumVisualStudioVersion = 10.0.40219.1
Project("{8BC9CEB8-8B4A-11D0-8D11-00A0C91BC942}") = "버텍스버퍼생성", "버텍스버퍼생성\버텍스버퍼생성.vcxproj", "{00241C14-27E8-46AE-9D9A-4DC26EEC7F44}"
EndProject
Global
	GlobalSection(SolutionConfigurationPlatforms) = preSolution
		Debug|x64 = Debug|x64
		Debug|x86 = Debug|x86
		Release|x64 = Release|x64
		Release|x86 = Release|x86
	EndGlobalSection
	GlobalSection(ProjectConfigurationPlatforms) = postSolution
		{00241C14-27E8-46AE-9D9A-4DC26EEC7F44}.Debug|x64.ActiveCfg = Debug|x64
		{00241C14-27E8-46AE-9D9A-4DC26EEC7F44}.Debug|x64.Build.0 = Debug|x64
		{00241C14-27E8-46AE-9D9A-4DC26EEC7F44}.Debug|x86.ActiveCfg = Debug|Win32
		{00241C14-27E8-46AE-9D9A-4DC26EEC7F44}.Debug|x86.Build.0 = Debug|Win32
		{00241C14-27E8-46AE-9D9A-4DC26EEC7F44}.Release|x64.ActiveCfg = Release|x64
		{00241C14-27E8-46AE-9D9A-4DC26EEC7F44}.Release|x64.Build.0 = Release|x64
		{00241C14-27E8-46AE-9D9A-4DC26EEC7F44}.Release|x86.ActiveCfg = Release|Win32
		{00241C14-27E8-46AE-9D9A-4DC26EEC7F44}.Release|x86.Build.0 = Release|Win32
	EndGlobalSection
	GlobalSection(SolutionProperties) = preSolution
		HideSolutionNode = FALSE
	EndGlobalSection
	GlobalSection(ExtensibilityGlobals) = postSolution
		SolutionGuid = {E5FA777B-BADD-4B78-9C44-09CB6B3D5134}
	EndGlobalSection
EndGlobal
